
Microsoft Visual Studio Solution File, Format Version 12.00
# Visual Studio Version 17
VisualStudioVersion = 17.14.36518.9 d17.14
MinimumVisualStudioVersion = 10.0.40219.1
Project("{FAE04EC0-301F-11D3-BF4B-00C04F79EFBC}") = "QLSV", "QLSV\QLSV.csproj", "{3881B095-228B-41EF-9784-4AF790BA3CF0}"
EndProject
Global
	GlobalSection(SolutionConfigurationPlatforms) = preSolution
		Debug|Any CPU = Debug|Any CPU
		Release|Any CPU = Release|Any CPU
	EndGlobalSection
	GlobalSection(ProjectConfigurationPlatforms) = postSolution
		{3881B095-228B-41EF-9784-4AF790BA3CF0}.Debug|Any CPU.ActiveCfg = Debug|Any CPU
		{3881B095-228B-41EF-9784-4AF790BA3CF0}.Debug|Any CPU.Build.0 = Debug|Any CPU
		{3881B095-228B-41EF-9784-4AF790BA3CF0}.Release|Any CPU.ActiveCfg = Release|Any CPU
		{3881B095-228B-41EF-9784-4AF790BA3CF0}.Release|Any CPU.Build.0 = Release|Any CPU
	EndGlobalSection
	GlobalSection(SolutionProperties) = preSolution
		HideSolutionNode = FALSE
	EndGlobalSection
	GlobalSection(ExtensibilityGlobals) = postSolution
		SolutionGuid = {BBD4E87B-EF3A-4C00-A3F5-B3E49961A8FF}
	EndGlobalSection
EndGlobal
